
Microsoft Visual Studio Solution File, Format Version 12.00
# Visual Studio 15
VisualStudioVersion = 15.0.26730.12
MinimumVisualStudioVersion = 10.0.40219.1
Project("{FAE04EC0-301F-11D3-BF4B-00C04F79EFBC}") = "AspNetWebApiRecipe", "AspNetWebApiRecipe\AspNetWebApiRecipe.csproj", "{B57104E7-772A-4312-9D03-DA9989177474}"
EndProject
Global
	GlobalSection(SolutionConfigurationPlatforms) = preSolution
		Debug|Any CPU = Debug|Any CPU
		Release|Any CPU = Release|Any CPU
	EndGlobalSection
	GlobalSection(ProjectConfigurationPlatforms) = postSolution
		{B57104E7-772A-4312-9D03-DA9989177474}.Debug|Any CPU.ActiveCfg = Debug|Any CPU
		{B57104E7-772A-4312-9D03-DA9989177474}.Debug|Any CPU.Build.0 = Debug|Any CPU
		{B57104E7-772A-4312-9D03-DA9989177474}.Release|Any CPU.ActiveCfg = Release|Any CPU
		{B57104E7-772A-4312-9D03-DA9989177474}.Release|Any CPU.Build.0 = Release|Any CPU
	EndGlobalSection
	GlobalSection(SolutionProperties) = preSolution
		HideSolutionNode = FALSE
	EndGlobalSection
	GlobalSection(ExtensibilityGlobals) = postSolution
		SolutionGuid = {4616942F-2CFF-4AD3-AB7D-C47AF7D84664}
	EndGlobalSection
EndGlobal
